
Microsoft Visual Studio Solution File, Format Version 12.00
# Visual Studio 15
Project("{FAE04EC0-301F-11D3-BF4B-00C04F79EFBC}") = "2Selection_statements_ex", "2Selection_statements_ex\2Selection_statements_ex.csproj", "{928F75DC-5B29-45AB-95F1-93D85BA8E911}"
EndProject
Global
	GlobalSection(SolutionConfigurationPlatforms) = preSolution
		Debug|Any CPU = Debug|Any CPU
		Release|Any CPU = Release|Any CPU
	EndGlobalSection
	GlobalSection(ProjectConfigurationPlatforms) = postSolution
		{928F75DC-5B29-45AB-95F1-93D85BA8E911}.Debug|Any CPU.ActiveCfg = Debug|Any CPU
		{928F75DC-5B29-45AB-95F1-93D85BA8E911}.Debug|Any CPU.Build.0 = Debug|Any CPU
		{928F75DC-5B29-45AB-95F1-93D85BA8E911}.Release|Any CPU.ActiveCfg = Release|Any CPU
		{928F75DC-5B29-45AB-95F1-93D85BA8E911}.Release|Any CPU.Build.0 = Release|Any CPU
	EndGlobalSection
EndGlobal
